
Microsoft Visual Studio Solution File, Format Version 11.00
# Visual Studio 2010
Project("{8BC9CEB8-8B4A-11D0-8D11-00A0C91BC942}") = "psiconfig", "psiconfig.vcxproj", "{76755F03-C88D-41F6-8394-E0B6AD1F3ACC}"
EndProject
Global
	GlobalSection(SolutionConfigurationPlatforms) = preSolution
		Debug|Win32 = Debug|Win32
		Debug|x64 = Debug|x64
		Release|Win32 = Release|Win32
		Release|x64 = Release|x64
	EndGlobalSection
	GlobalSection(ProjectConfigurationPlatforms) = postSolution
		{76755F03-C88D-41F6-8394-E0B6AD1F3ACC}.Debug|Win32.ActiveCfg = Debug|Win32
		{76755F03-C88D-41F6-8394-E0B6AD1F3ACC}.Debug|Win32.Build.0 = Debug|Win32
		{76755F03-C88D-41F6-8394-E0B6AD1F3ACC}.Debug|x64.ActiveCfg = Debug|x64
		{76755F03-C88D-41F6-8394-E0B6AD1F3ACC}.Debug|x64.Build.0 = Debug|x64
		{76755F03-C88D-41F6-8394-E0B6AD1F3ACC}.Release|Win32.ActiveCfg = Release|Win32
		{76755F03-C88D-41F6-8394-E0B6AD1F3ACC}.Release|Win32.Build.0 = Release|Win32
		{76755F03-C88D-41F6-8394-E0B6AD1F3ACC}.Release|x64.ActiveCfg = Release|x64
		{76755F03-C88D-41F6-8394-E0B6AD1F3ACC}.Release|x64.Build.0 = Release|x64
	EndGlobalSection
	GlobalSection(SolutionProperties) = preSolution
		HideSolutionNode = FALSE
	EndGlobalSection
EndGlobal
